
Microsoft Visual Studio Solution File, Format Version 12.00
# Visual Studio 15
VisualStudioVersion = 15.0.27130.2036
MinimumVisualStudioVersion = 10.0.40219.1
Project("{E24C65DC-7377-472B-9ABA-BC803B73C61A}") = "pop-challenge1", "pop-challenge1\", "{E43A1BD6-DB8D-41F6-8CF6-619A2450D17B}"
	ProjectSection(WebsiteProperties) = preProject
		TargetFrameworkMoniker = ".NETFramework,Version%3Dv4.6.1"
		Debug.AspNetCompiler.VirtualPath = "/localhost_59258"
		Debug.AspNetCompiler.PhysicalPath = "pop-challenge1\"
		Debug.AspNetCompiler.TargetPath = "PrecompiledWeb\localhost_59258\"
		Debug.AspNetCompiler.Updateable = "true"
		Debug.AspNetCompiler.ForceOverwrite = "true"
		Debug.AspNetCompiler.FixedNames = "false"
		Debug.AspNetCompiler.Debug = "True"
		Release.AspNetCompiler.VirtualPath = "/localhost_59258"
		Release.AspNetCompiler.PhysicalPath = "pop-challenge1\"
		Release.AspNetCompiler.TargetPath = "PrecompiledWeb\localhost_59258\"
		Release.AspNetCompiler.Updateable = "true"
		Release.AspNetCompiler.ForceOverwrite = "true"
		Release.AspNetCompiler.FixedNames = "false"
		Release.AspNetCompiler.Debug = "False"
		VWDPort = "59258"
		SlnRelativePath = "pop-challenge1\"
		DefaultWebSiteLanguage = "Visual C#"
	EndProjectSection
EndProject
Global
	GlobalSection(SolutionConfigurationPlatforms) = preSolution
		Debug|Any CPU = Debug|Any CPU
	EndGlobalSection
	GlobalSection(ProjectConfigurationPlatforms) = postSolution
		{E43A1BD6-DB8D-41F6-8CF6-619A2450D17B}.Debug|Any CPU.ActiveCfg = Debug|Any CPU
		{E43A1BD6-DB8D-41F6-8CF6-619A2450D17B}.Debug|Any CPU.Build.0 = Debug|Any CPU
	EndGlobalSection
	GlobalSection(SolutionProperties) = preSolution
		HideSolutionNode = FALSE
	EndGlobalSection
	GlobalSection(ExtensibilityGlobals) = postSolution
		SolutionGuid = {533796C1-5459-4BA3-AADE-DF6642075822}
	EndGlobalSection
EndGlobal
